
Microsoft Visual Studio Solution File, Format Version 12.00
# Visual Studio Version 16
VisualStudioVersion = 16.0.31424.327
MinimumVisualStudioVersion = 10.0.40219.1
Project("{FAE04EC0-301F-11D3-BF4B-00C04F79EFBC}") = "hWork1-3", "hWork1-3.csproj", "{351A750C-7B10-44A7-8644-CB0184BA063F}"
EndProject
Project("{FAE04EC0-301F-11D3-BF4B-00C04F79EFBC}") = "Ex3-1", "..\Ex3-1\Ex3-1.csproj", "{1B5A49B9-6B7E-4C24-9F4B-79392DE88D6D}"
EndProject
Project("{FAE04EC0-301F-11D3-BF4B-00C04F79EFBC}") = "Ex3-2", "..\Ex3-2\Ex3-2.csproj", "{CC6E0AFE-9AEF-4270-BF7F-F4E87E475E87}"
EndProject
Global
	GlobalSection(SolutionConfigurationPlatforms) = preSolution
		Debug|Any CPU = Debug|Any CPU
		Release|Any CPU = Release|Any CPU
	EndGlobalSection
	GlobalSection(ProjectConfigurationPlatforms) = postSolution
		{351A750C-7B10-44A7-8644-CB0184BA063F}.Debug|Any CPU.ActiveCfg = Debug|Any CPU
		{351A750C-7B10-44A7-8644-CB0184BA063F}.Debug|Any CPU.Build.0 = Debug|Any CPU
		{351A750C-7B10-44A7-8644-CB0184BA063F}.Release|Any CPU.ActiveCfg = Release|Any CPU
		{351A750C-7B10-44A7-8644-CB0184BA063F}.Release|Any CPU.Build.0 = Release|Any CPU
		{1B5A49B9-6B7E-4C24-9F4B-79392DE88D6D}.Debug|Any CPU.ActiveCfg = Debug|Any CPU
		{1B5A49B9-6B7E-4C24-9F4B-79392DE88D6D}.Debug|Any CPU.Build.0 = Debug|Any CPU
		{1B5A49B9-6B7E-4C24-9F4B-79392DE88D6D}.Release|Any CPU.ActiveCfg = Release|Any CPU
		{1B5A49B9-6B7E-4C24-9F4B-79392DE88D6D}.Release|Any CPU.Build.0 = Release|Any CPU
		{CC6E0AFE-9AEF-4270-BF7F-F4E87E475E87}.Debug|Any CPU.ActiveCfg = Debug|Any CPU
		{CC6E0AFE-9AEF-4270-BF7F-F4E87E475E87}.Debug|Any CPU.Build.0 = Debug|Any CPU
		{CC6E0AFE-9AEF-4270-BF7F-F4E87E475E87}.Release|Any CPU.ActiveCfg = Release|Any CPU
		{CC6E0AFE-9AEF-4270-BF7F-F4E87E475E87}.Release|Any CPU.Build.0 = Release|Any CPU
	EndGlobalSection
	GlobalSection(SolutionProperties) = preSolution
		HideSolutionNode = FALSE
	EndGlobalSection
	GlobalSection(ExtensibilityGlobals) = postSolution
		SolutionGuid = {C7DE426A-664F-49F6-B1BC-A2E018C34F12}
	EndGlobalSection
EndGlobal
